
Microsoft Visual Studio Solution File, Format Version 12.00
# Visual Studio Version 16
VisualStudioVersion = 16.0.29102.190
MinimumVisualStudioVersion = 10.0.40219.1
Project("{FAE04EC0-301F-11D3-BF4B-00C04F79EFBC}") = "website", "website\website.csproj", "{42A1BE12-EF99-4EC0-BE30-490ADF3D7D45}"
EndProject
Global
	GlobalSection(SolutionConfigurationPlatforms) = preSolution
		Debug|Any CPU = Debug|Any CPU
		Release|Any CPU = Release|Any CPU
	EndGlobalSection
	GlobalSection(ProjectConfigurationPlatforms) = postSolution
		{42A1BE12-EF99-4EC0-BE30-490ADF3D7D45}.Debug|Any CPU.ActiveCfg = Debug|Any CPU
		{42A1BE12-EF99-4EC0-BE30-490ADF3D7D45}.Debug|Any CPU.Build.0 = Debug|Any CPU
		{42A1BE12-EF99-4EC0-BE30-490ADF3D7D45}.Release|Any CPU.ActiveCfg = Release|Any CPU
		{42A1BE12-EF99-4EC0-BE30-490ADF3D7D45}.Release|Any CPU.Build.0 = Release|Any CPU
	EndGlobalSection
	GlobalSection(SolutionProperties) = preSolution
		HideSolutionNode = FALSE
	EndGlobalSection
	GlobalSection(ExtensibilityGlobals) = postSolution
		SolutionGuid = {496B14E3-5859-4DB4-B139-BB4069369D99}
	EndGlobalSection
	GlobalSection(TestCaseManagementSettings) = postSolution
		CategoryFile = PublicWebsite.vsmdi
	EndGlobalSection
	GlobalSection(SubversionScc) = preSolution
		Manager = AnkhSVN - Subversion Support for Visual Studio
		Svn-Managed = True
	EndGlobalSection
EndGlobal
