
Microsoft Visual Studio Solution File, Format Version 12.00
# Visual Studio 15
VisualStudioVersion = 15.0.27703.2035
MinimumVisualStudioVersion = 10.0.40219.1
Project("{9A19103F-16F7-4668-BE54-9A1E7A4F7556}") = "website", "website\website.csproj", "{81EEA7EA-DB9D-47E2-9184-C37AA8E7585B}"
EndProject
Project("{E53339B2-1760-4266-BCC7-CA923CBCF16C}") = "docker-compose", "docker-compose.dcproj", "{22ACCAF7-52DB-4866-807D-D5060357C84A}"
EndProject
Global
	GlobalSection(SolutionConfigurationPlatforms) = preSolution
		Debug|Any CPU = Debug|Any CPU
		Release|Any CPU = Release|Any CPU
	EndGlobalSection
	GlobalSection(ProjectConfigurationPlatforms) = postSolution
		{81EEA7EA-DB9D-47E2-9184-C37AA8E7585B}.Debug|Any CPU.ActiveCfg = Debug|Any CPU
		{81EEA7EA-DB9D-47E2-9184-C37AA8E7585B}.Debug|Any CPU.Build.0 = Debug|Any CPU
		{81EEA7EA-DB9D-47E2-9184-C37AA8E7585B}.Release|Any CPU.ActiveCfg = Release|Any CPU
		{81EEA7EA-DB9D-47E2-9184-C37AA8E7585B}.Release|Any CPU.Build.0 = Release|Any CPU
		{22ACCAF7-52DB-4866-807D-D5060357C84A}.Debug|Any CPU.ActiveCfg = Debug|Any CPU
		{22ACCAF7-52DB-4866-807D-D5060357C84A}.Debug|Any CPU.Build.0 = Debug|Any CPU
		{22ACCAF7-52DB-4866-807D-D5060357C84A}.Release|Any CPU.ActiveCfg = Release|Any CPU
		{22ACCAF7-52DB-4866-807D-D5060357C84A}.Release|Any CPU.Build.0 = Release|Any CPU
	EndGlobalSection
	GlobalSection(SolutionProperties) = preSolution
		HideSolutionNode = FALSE
	EndGlobalSection
	GlobalSection(ExtensibilityGlobals) = postSolution
		SolutionGuid = {496B14E3-5859-4DB4-B139-BB4069369D99}
	EndGlobalSection
	GlobalSection(TestCaseManagementSettings) = postSolution
		CategoryFile = PublicWebsite.vsmdi
	EndGlobalSection
	GlobalSection(SubversionScc) = preSolution
		Manager = AnkhSVN - Subversion Support for Visual Studio
		Svn-Managed = True
	EndGlobalSection
EndGlobal
